// !$*UTF8*$!
{
	archiveVersion = 1;
	classes = {
	};
	objectVersion = 55;
	objects = {

/* Begin PBXBuildFile section */
		1323197428CA24EF00AF3B1A /* XRepository.swift in Sources */ = {isa = PBXBuildFile; fileRef = 1323197328CA24EF00AF3B1A /* XRepository.swift */; };
		1323197728CA26F100AF3B1A /* Router.swift in Sources */ = {isa = PBXBuildFile; fileRef = 1323197628CA26F100AF3B1A /* Router.swift */; };
		1323197E28CA351C00AF3B1A /* Colors.swift in Sources */ = {isa = PBXBuildFile; fileRef = 1323197D28CA351C00AF3B1A /* Colors.swift */; };
		135ACBFA854551FA9E25E2DE /* Pods_claranet_base_ios.framework in Frameworks */ = {isa = PBXBuildFile; fileRef = CB6EEDA019AA44BA7862DF2C /* Pods_claranet_base_ios.framework */; };
		13712E5B28C63C2600384F3B /* claranet_base_iosApp.swift in Sources */ = {isa = PBXBuildFile; fileRef = 13712E5A28C63C2600384F3B /* claranet_base_iosApp.swift */; };
		13712E5F28C63C2700384F3B /* Assets.xcassets in Resources */ = {isa = PBXBuildFile; fileRef = 13712E5E28C63C2700384F3B /* Assets.xcassets */; };
		13712E6228C63C2700384F3B /* Preview Assets.xcassets in Resources */ = {isa = PBXBuildFile; fileRef = 13712E6128C63C2700384F3B /* Preview Assets.xcassets */; };
		137E006828C79728001C451B /* TabMenuView.swift in Sources */ = {isa = PBXBuildFile; fileRef = 137E006728C79728001C451B /* TabMenuView.swift */; };
		137E006A28C798B3001C451B /* HomeView.swift in Sources */ = {isa = PBXBuildFile; fileRef = 137E006928C798B3001C451B /* HomeView.swift */; };
		138C97AC28DC9CAA006AF169 /* SpashScreenView.swift in Sources */ = {isa = PBXBuildFile; fileRef = 138C97AB28DC9CAA006AF169 /* SpashScreenView.swift */; };
		13A81DEF28CB38D2002AE5C6 /* ArticlePreviewView.swift in Sources */ = {isa = PBXBuildFile; fileRef = 13A81DEE28CB38D2002AE5C6 /* ArticlePreviewView.swift */; };
		13A81DF128CB4CD7002AE5C6 /* ArticleModel.swift in Sources */ = {isa = PBXBuildFile; fileRef = 13A81DF028CB4CD7002AE5C6 /* ArticleModel.swift */; };
		13A81DF328CB6FD1002AE5C6 /* HomeViewModel.swift in Sources */ = {isa = PBXBuildFile; fileRef = 13A81DF228CB6FD1002AE5C6 /* HomeViewModel.swift */; };
		13C4DDD128C8D0CA0041516F /* OtherView.swift in Sources */ = {isa = PBXBuildFile; fileRef = 13C4DDD028C8D0CA0041516F /* OtherView.swift */; };
		13C4DDEE28C8F28E0041516F /* Environment.swift in Sources */ = {isa = PBXBuildFile; fileRef = 13C4DDED28C8F28E0041516F /* Environment.swift */; };
/* End PBXBuildFile section */

/* Begin PBXFileReference section */
		1323197328CA24EF00AF3B1A /* XRepository.swift */ = {isa = PBXFileReference; lastKnownFileType = sourcecode.swift; path = XRepository.swift; sourceTree = "<group>"; };
		1323197628CA26F100AF3B1A /* Router.swift */ = {isa = PBXFileReference; lastKnownFileType = sourcecode.swift; path = Router.swift; sourceTree = "<group>"; };
		1323197D28CA351C00AF3B1A /* Colors.swift */ = {isa = PBXFileReference; lastKnownFileType = sourcecode.swift; path = Colors.swift; sourceTree = "<group>"; };
		13712E5728C63C2600384F3B /* claranet-base-ios - DEV.app */ = {isa = PBXFileReference; explicitFileType = wrapper.application; includeInIndex = 0; path = "claranet-base-ios - DEV.app"; sourceTree = BUILT_PRODUCTS_DIR; };
		13712E5A28C63C2600384F3B /* claranet_base_iosApp.swift */ = {isa = PBXFileReference; lastKnownFileType = sourcecode.swift; path = claranet_base_iosApp.swift; sourceTree = "<group>"; };
		13712E5E28C63C2700384F3B /* Assets.xcassets */ = {isa = PBXFileReference; lastKnownFileType = folder.assetcatalog; path = Assets.xcassets; sourceTree = "<group>"; };
		13712E6128C63C2700384F3B /* Preview Assets.xcassets */ = {isa = PBXFileReference; lastKnownFileType = folder.assetcatalog; path = "Preview Assets.xcassets"; sourceTree = "<group>"; };
		137E006728C79728001C451B /* TabMenuView.swift */ = {isa = PBXFileReference; lastKnownFileType = sourcecode.swift; path = TabMenuView.swift; sourceTree = "<group>"; };
		137E006928C798B3001C451B /* HomeView.swift */ = {isa = PBXFileReference; lastKnownFileType = sourcecode.swift; path = HomeView.swift; sourceTree = "<group>"; };
		138C97AB28DC9CAA006AF169 /* SpashScreenView.swift */ = {isa = PBXFileReference; lastKnownFileType = sourcecode.swift; path = SpashScreenView.swift; sourceTree = "<group>"; };
		13A81DEE28CB38D2002AE5C6 /* ArticlePreviewView.swift */ = {isa = PBXFileReference; lastKnownFileType = sourcecode.swift; path = ArticlePreviewView.swift; sourceTree = "<group>"; };
		13A81DF028CB4CD7002AE5C6 /* ArticleModel.swift */ = {isa = PBXFileReference; lastKnownFileType = sourcecode.swift; path = ArticleModel.swift; sourceTree = "<group>"; };
		13A81DF228CB6FD1002AE5C6 /* HomeViewModel.swift */ = {isa = PBXFileReference; lastKnownFileType = sourcecode.swift; path = HomeViewModel.swift; sourceTree = "<group>"; };
		13C4DDD028C8D0CA0041516F /* OtherView.swift */ = {isa = PBXFileReference; lastKnownFileType = sourcecode.swift; path = OtherView.swift; sourceTree = "<group>"; };
		13C4DDED28C8F28E0041516F /* Environment.swift */ = {isa = PBXFileReference; lastKnownFileType = sourcecode.swift; path = Environment.swift; sourceTree = "<group>"; };
		395432FAA118818542CCFFF3 /* Pods-claranet-base-ios.debug.xcconfig */ = {isa = PBXFileReference; includeInIndex = 1; lastKnownFileType = text.xcconfig; name = "Pods-claranet-base-ios.debug.xcconfig"; path = "Target Support Files/Pods-claranet-base-ios/Pods-claranet-base-ios.debug.xcconfig"; sourceTree = "<group>"; };
		3B6C80E3095AF616B3EF4A97 /* Pods-claranet-base-ios.prod - debug.xcconfig */ = {isa = PBXFileReference; includeInIndex = 1; lastKnownFileType = text.xcconfig; name = "Pods-claranet-base-ios.prod - debug.xcconfig"; path = "Target Support Files/Pods-claranet-base-ios/Pods-claranet-base-ios.prod - debug.xcconfig"; sourceTree = "<group>"; };
		61AC5A59F7D94496B2A645D6 /* Pods-claranet-base-ios.release.xcconfig */ = {isa = PBXFileReference; includeInIndex = 1; lastKnownFileType = text.xcconfig; name = "Pods-claranet-base-ios.release.xcconfig"; path = "Target Support Files/Pods-claranet-base-ios/Pods-claranet-base-ios.release.xcconfig"; sourceTree = "<group>"; };
		CB6EEDA019AA44BA7862DF2C /* Pods_claranet_base_ios.framework */ = {isa = PBXFileReference; explicitFileType = wrapper.framework; includeInIndex = 0; path = Pods_claranet_base_ios.framework; sourceTree = BUILT_PRODUCTS_DIR; };
		F73960A812450E29990539C5 /* Pods-claranet-base-ios.prod - release.xcconfig */ = {isa = PBXFileReference; includeInIndex = 1; lastKnownFileType = text.xcconfig; name = "Pods-claranet-base-ios.prod - release.xcconfig"; path = "Target Support Files/Pods-claranet-base-ios/Pods-claranet-base-ios.prod - release.xcconfig"; sourceTree = "<group>"; };
/* End PBXFileReference section */

/* Begin PBXFrameworksBuildPhase section */
		13712E5428C63C2600384F3B /* Frameworks */ = {
			isa = PBXFrameworksBuildPhase;
			buildActionMask = 2147483647;
			files = (
				135ACBFA854551FA9E25E2DE /* Pods_claranet_base_ios.framework in Frameworks */,
			);
			runOnlyForDeploymentPostprocessing = 0;
		};
/* End PBXFrameworksBuildPhase section */

/* Begin PBXGroup section */
		1323196F28CA228400AF3B1A /* Fonts */ = {
			isa = PBXGroup;
			children = (
			);
			path = Fonts;
			sourceTree = "<group>";
		};
		1323197028CA245800AF3B1A /* Style */ = {
			isa = PBXGroup;
			children = (
				1323197D28CA351C00AF3B1A /* Colors.swift */,
			);
			path = Style;
			sourceTree = "<group>";
		};
		1323197128CA247700AF3B1A /* Data */ = {
			isa = PBXGroup;
			children = (
				1323197228CA24C000AF3B1A /* Model */,
				1323197328CA24EF00AF3B1A /* XRepository.swift */,
			);
			path = Data;
			sourceTree = "<group>";
		};
		1323197228CA24C000AF3B1A /* Model */ = {
			isa = PBXGroup;
			children = (
			);
			path = Model;
			sourceTree = "<group>";
		};
		1323197528CA26C500AF3B1A /* Networking */ = {
			isa = PBXGroup;
			children = (
				1323197628CA26F100AF3B1A /* Router.swift */,
			);
			path = Networking;
			sourceTree = "<group>";
		};
		1323197828CA2DA000AF3B1A /* TabMenu */ = {
			isa = PBXGroup;
			children = (
				137E006728C79728001C451B /* TabMenuView.swift */,
			);
			path = TabMenu;
			sourceTree = "<group>";
		};
		1323197928CA2DAC00AF3B1A /* Home */ = {
			isa = PBXGroup;
			children = (
				137E006928C798B3001C451B /* HomeView.swift */,
				13A81DF228CB6FD1002AE5C6 /* HomeViewModel.swift */,
				13A81DF028CB4CD7002AE5C6 /* ArticleModel.swift */,
			);
			path = Home;
			sourceTree = "<group>";
		};
		1323197A28CA2DBD00AF3B1A /* Other */ = {
			isa = PBXGroup;
			children = (
				13C4DDD028C8D0CA0041516F /* OtherView.swift */,
			);
			path = Other;
			sourceTree = "<group>";
		};
		13712E4E28C63C2600384F3B = {
			isa = PBXGroup;
			children = (
				13712E5928C63C2600384F3B /* claranet-base-ios */,
				13712E5828C63C2600384F3B /* Products */,
				B29A342C92D6A71E4C74B8BD /* Pods */,
				CFD1346F9C71ED9B74F0B12B /* Frameworks */,
			);
			sourceTree = "<group>";
		};
		13712E5828C63C2600384F3B /* Products */ = {
			isa = PBXGroup;
			children = (
				13712E5728C63C2600384F3B /* claranet-base-ios - DEV.app */,
			);
			name = Products;
			sourceTree = "<group>";
		};
		13712E5928C63C2600384F3B /* claranet-base-ios */ = {
			isa = PBXGroup;
			children = (
				13A81DED28CB384B002AE5C6 /* Pages */,
				1323197528CA26C500AF3B1A /* Networking */,
				1323197128CA247700AF3B1A /* Data */,
				1323197028CA245800AF3B1A /* Style */,
				1323196F28CA228400AF3B1A /* Fonts */,
				13C4DDEC28C8F27D0041516F /* Env */,
				137E006428C793C2001C451B /* Components */,
				13712E5A28C63C2600384F3B /* claranet_base_iosApp.swift */,
				13712E5E28C63C2700384F3B /* Assets.xcassets */,
				13712E6028C63C2700384F3B /* Preview Content */,
			);
			path = "claranet-base-ios";
			sourceTree = "<group>";
		};
		13712E6028C63C2700384F3B /* Preview Content */ = {
			isa = PBXGroup;
			children = (
				13712E6128C63C2700384F3B /* Preview Assets.xcassets */,
			);
			path = "Preview Content";
			sourceTree = "<group>";
		};
		137E006428C793C2001C451B /* Components */ = {
			isa = PBXGroup;
			children = (
				1323197828CA2DA000AF3B1A /* TabMenu */,
				13A81DEE28CB38D2002AE5C6 /* ArticlePreviewView.swift */,
			);
			path = Components;
			sourceTree = "<group>";
		};
		13A81DED28CB384B002AE5C6 /* Pages */ = {
			isa = PBXGroup;
			children = (
				1323197A28CA2DBD00AF3B1A /* Other */,
				1323197928CA2DAC00AF3B1A /* Home */,
				138C97AB28DC9CAA006AF169 /* SpashScreenView.swift */,
			);
			path = Pages;
			sourceTree = "<group>";
		};
		13C4DDEC28C8F27D0041516F /* Env */ = {
			isa = PBXGroup;
			children = (
				13C4DDED28C8F28E0041516F /* Environment.swift */,
			);
			path = Env;
			sourceTree = "<group>";
		};
		B29A342C92D6A71E4C74B8BD /* Pods */ = {
			isa = PBXGroup;
			children = (
				395432FAA118818542CCFFF3 /* Pods-claranet-base-ios.debug.xcconfig */,
				3B6C80E3095AF616B3EF4A97 /* Pods-claranet-base-ios.prod - debug.xcconfig */,
				61AC5A59F7D94496B2A645D6 /* Pods-claranet-base-ios.release.xcconfig */,
				F73960A812450E29990539C5 /* Pods-claranet-base-ios.prod - release.xcconfig */,
			);
			path = Pods;
			sourceTree = "<group>";
		};
		CFD1346F9C71ED9B74F0B12B /* Frameworks */ = {
			isa = PBXGroup;
			children = (
				CB6EEDA019AA44BA7862DF2C /* Pods_claranet_base_ios.framework */,
			);
			name = Frameworks;
			sourceTree = "<group>";
		};
/* End PBXGroup section */

/* Begin PBXNativeTarget section */
		13712E5628C63C2600384F3B /* claranet-base-ios */ = {
			isa = PBXNativeTarget;
			buildConfigurationList = 13712E6528C63C2700384F3B /* Build configuration list for PBXNativeTarget "claranet-base-ios" */;
			buildPhases = (
				22FCBFDD405957A47DB5BC34 /* [CP] Check Pods Manifest.lock */,
				13712E5328C63C2600384F3B /* Sources */,
				13712E5428C63C2600384F3B /* Frameworks */,
				13712E5528C63C2600384F3B /* Resources */,
				A8874E914B9ABF2FF35957BF /* [CP] Embed Pods Frameworks */,
			);
			buildRules = (
			);
			dependencies = (
			);
			name = "claranet-base-ios";
			productName = "claranet-base-ios";
			productReference = 13712E5728C63C2600384F3B /* claranet-base-ios - DEV.app */;
			productType = "com.apple.product-type.application";
		};
/* End PBXNativeTarget section */

/* Begin PBXProject section */
		13712E4F28C63C2600384F3B /* Project object */ = {
			isa = PBXProject;
			attributes = {
				BuildIndependentTargetsInParallel = 1;
				LastSwiftUpdateCheck = 1340;
				LastUpgradeCheck = 1340;
				TargetAttributes = {
					13712E5628C63C2600384F3B = {
						CreatedOnToolsVersion = 13.4.1;
					};
				};
			};
			buildConfigurationList = 13712E5228C63C2600384F3B /* Build configuration list for PBXProject "claranet-base-ios" */;
			compatibilityVersion = "Xcode 13.0";
			developmentRegion = en;
			hasScannedForEncodings = 0;
			knownRegions = (
				en,
				Base,
			);
			mainGroup = 13712E4E28C63C2600384F3B;
			productRefGroup = 13712E5828C63C2600384F3B /* Products */;
			projectDirPath = "";
			projectRoot = "";
			targets = (
				13712E5628C63C2600384F3B /* claranet-base-ios */,
			);
		};
/* End PBXProject section */

/* Begin PBXResourcesBuildPhase section */
		13712E5528C63C2600384F3B /* Resources */ = {
			isa = PBXResourcesBuildPhase;
			buildActionMask = 2147483647;
			files = (
				13712E6228C63C2700384F3B /* Preview Assets.xcassets in Resources */,
				13712E5F28C63C2700384F3B /* Assets.xcassets in Resources */,
			);
			runOnlyForDeploymentPostprocessing = 0;
		};
/* End PBXResourcesBuildPhase section */

/* Begin PBXShellScriptBuildPhase section */
		22FCBFDD405957A47DB5BC34 /* [CP] Check Pods Manifest.lock */ = {
			isa = PBXShellScriptBuildPhase;
			buildActionMask = 2147483647;
			files = (
			);
			inputFileListPaths = (
			);
			inputPaths = (
				"${PODS_PODFILE_DIR_PATH}/Podfile.lock",
				"${PODS_ROOT}/Manifest.lock",
			);
			name = "[CP] Check Pods Manifest.lock";
			outputFileListPaths = (
			);
			outputPaths = (
				"$(DERIVED_FILE_DIR)/Pods-claranet-base-ios-checkManifestLockResult.txt",
			);
			runOnlyForDeploymentPostprocessing = 0;
			shellPath = /bin/sh;
			shellScript = "diff \"${PODS_PODFILE_DIR_PATH}/Podfile.lock\" \"${PODS_ROOT}/Manifest.lock\" > /dev/null\nif [ $? != 0 ] ; then\n    # print error to STDERR\n    echo \"error: The sandbox is not in sync with the Podfile.lock. Run 'pod install' or update your CocoaPods installation.\" >&2\n    exit 1\nfi\n# This output is used by Xcode 'outputs' to avoid re-running this script phase.\necho \"SUCCESS\" > \"${SCRIPT_OUTPUT_FILE_0}\"\n";
			showEnvVarsInLog = 0;
		};
		A8874E914B9ABF2FF35957BF /* [CP] Embed Pods Frameworks */ = {
			isa = PBXShellScriptBuildPhase;
			buildActionMask = 2147483647;
			files = (
			);
			inputFileListPaths = (
				"${PODS_ROOT}/Target Support Files/Pods-claranet-base-ios/Pods-claranet-base-ios-frameworks-${CONFIGURATION}-input-files.xcfilelist",
			);
			name = "[CP] Embed Pods Frameworks";
			outputFileListPaths = (
				"${PODS_ROOT}/Target Support Files/Pods-claranet-base-ios/Pods-claranet-base-ios-frameworks-${CONFIGURATION}-output-files.xcfilelist",
			);
			runOnlyForDeploymentPostprocessing = 0;
			shellPath = /bin/sh;
			shellScript = "\"${PODS_ROOT}/Target Support Files/Pods-claranet-base-ios/Pods-claranet-base-ios-frameworks.sh\"\n";
			showEnvVarsInLog = 0;
		};
/* End PBXShellScriptBuildPhase section */

/* Begin PBXSourcesBuildPhase section */
		13712E5328C63C2600384F3B /* Sources */ = {
			isa = PBXSourcesBuildPhase;
			buildActionMask = 2147483647;
			files = (
				13A81DF128CB4CD7002AE5C6 /* ArticleModel.swift in Sources */,
				1323197728CA26F100AF3B1A /* Router.swift in Sources */,
				1323197E28CA351C00AF3B1A /* Colors.swift in Sources */,
				138C97AC28DC9CAA006AF169 /* SpashScreenView.swift in Sources */,
				13C4DDEE28C8F28E0041516F /* Environment.swift in Sources */,
				137E006A28C798B3001C451B /* HomeView.swift in Sources */,
				13712E5B28C63C2600384F3B /* claranet_base_iosApp.swift in Sources */,
				13A81DF328CB6FD1002AE5C6 /* HomeViewModel.swift in Sources */,
				13A81DEF28CB38D2002AE5C6 /* ArticlePreviewView.swift in Sources */,
				137E006828C79728001C451B /* TabMenuView.swift in Sources */,
				13C4DDD128C8D0CA0041516F /* OtherView.swift in Sources */,
				1323197428CA24EF00AF3B1A /* XRepository.swift in Sources */,
			);
			runOnlyForDeploymentPostprocessing = 0;
		};
/* End PBXSourcesBuildPhase section */

/* Begin XCBuildConfiguration section */
		13712E6328C63C2700384F3B /* Debug */ = {
			isa = XCBuildConfiguration;
			buildSettings = {
				ALWAYS_SEARCH_USER_PATHS = NO;
				CLANG_ANALYZER_NONNULL = YES;
				CLANG_ANALYZER_NUMBER_OBJECT_CONVERSION = YES_AGGRESSIVE;
				CLANG_CXX_LANGUAGE_STANDARD = "gnu++17";
				CLANG_ENABLE_MODULES = YES;
				CLANG_ENABLE_OBJC_ARC = YES;
				CLANG_ENABLE_OBJC_WEAK = YES;
				CLANG_WARN_BLOCK_CAPTURE_AUTORELEASING = YES;
				CLANG_WARN_BOOL_CONVERSION = YES;
				CLANG_WARN_COMMA = YES;
				CLANG_WARN_CONSTANT_CONVERSION = YES;
				CLANG_WARN_DEPRECATED_OBJC_IMPLEMENTATIONS = YES;
				CLANG_WARN_DIRECT_OBJC_ISA_USAGE = YES_ERROR;
				CLANG_WARN_DOCUMENTATION_COMMENTS = YES;
				CLANG_WARN_EMPTY_BODY = YES;
				CLANG_WARN_ENUM_CONVERSION = YES;
				CLANG_WARN_INFINITE_RECURSION = YES;
				CLANG_WARN_INT_CONVERSION = YES;
				CLANG_WARN_NON_LITERAL_NULL_CONVERSION = YES;
				CLANG_WARN_OBJC_IMPLICIT_RETAIN_SELF = YES;
				CLANG_WARN_OBJC_LITERAL_CONVERSION = YES;
				CLANG_WARN_OBJC_ROOT_CLASS = YES_ERROR;
				CLANG_WARN_QUOTED_INCLUDE_IN_FRAMEWORK_HEADER = YES;
				CLANG_WARN_RANGE_LOOP_ANALYSIS = YES;
				CLANG_WARN_STRICT_PROTOTYPES = YES;
				CLANG_WARN_SUSPICIOUS_MOVE = YES;
				CLANG_WARN_UNGUARDED_AVAILABILITY = YES_AGGRESSIVE;
				CLANG_WARN_UNREACHABLE_CODE = YES;
				CLANG_WARN__DUPLICATE_METHOD_MATCH = YES;
				COPY_PHASE_STRIP = NO;
				DEBUG_INFORMATION_FORMAT = dwarf;
				ENABLE_STRICT_OBJC_MSGSEND = YES;
				ENABLE_TESTABILITY = YES;
				GCC_C_LANGUAGE_STANDARD = gnu11;
				GCC_DYNAMIC_NO_PIC = NO;
				GCC_NO_COMMON_BLOCKS = YES;
				GCC_OPTIMIZATION_LEVEL = 0;
				GCC_PREPROCESSOR_DEFINITIONS = (
					"DEBUG=1",
					"$(inherited)",
				);
				GCC_WARN_64_TO_32_BIT_CONVERSION = YES;
				GCC_WARN_ABOUT_RETURN_TYPE = YES_ERROR;
				GCC_WARN_UNDECLARED_SELECTOR = YES;
				GCC_WARN_UNINITIALIZED_AUTOS = YES_AGGRESSIVE;
				GCC_WARN_UNUSED_FUNCTION = YES;
				GCC_WARN_UNUSED_VARIABLE = YES;
				IPHONEOS_DEPLOYMENT_TARGET = 15.5;
				MTL_ENABLE_DEBUG_INFO = INCLUDE_SOURCE;
				MTL_FAST_MATH = YES;
				ONLY_ACTIVE_ARCH = YES;
				SDKROOT = iphoneos;
				SWIFT_ACTIVE_COMPILATION_CONDITIONS = DEBUG;
				SWIFT_OPTIMIZATION_LEVEL = "-Onone";
			};
			name = Debug;
		};
		13712E6428C63C2700384F3B /* Release */ = {
			isa = XCBuildConfiguration;
			buildSettings = {
				ALWAYS_SEARCH_USER_PATHS = NO;
				CLANG_ANALYZER_NONNULL = YES;
				CLANG_ANALYZER_NUMBER_OBJECT_CONVERSION = YES_AGGRESSIVE;
				CLANG_CXX_LANGUAGE_STANDARD = "gnu++17";
				CLANG_ENABLE_MODULES = YES;
				CLANG_ENABLE_OBJC_ARC = YES;
				CLANG_ENABLE_OBJC_WEAK = YES;
				CLANG_WARN_BLOCK_CAPTURE_AUTORELEASING = YES;
				CLANG_WARN_BOOL_CONVERSION = YES;
				CLANG_WARN_COMMA = YES;
				CLANG_WARN_CONSTANT_CONVERSION = YES;
				CLANG_WARN_DEPRECATED_OBJC_IMPLEMENTATIONS = YES;
				CLANG_WARN_DIRECT_OBJC_ISA_USAGE = YES_ERROR;
				CLANG_WARN_DOCUMENTATION_COMMENTS = YES;
				CLANG_WARN_EMPTY_BODY = YES;
				CLANG_WARN_ENUM_CONVERSION = YES;
				CLANG_WARN_INFINITE_RECURSION = YES;
				CLANG_WARN_INT_CONVERSION = YES;
				CLANG_WARN_NON_LITERAL_NULL_CONVERSION = YES;
				CLANG_WARN_OBJC_IMPLICIT_RETAIN_SELF = YES;
				CLANG_WARN_OBJC_LITERAL_CONVERSION = YES;
				CLANG_WARN_OBJC_ROOT_CLASS = YES_ERROR;
				CLANG_WARN_QUOTED_INCLUDE_IN_FRAMEWORK_HEADER = YES;
				CLANG_WARN_RANGE_LOOP_ANALYSIS = YES;
				CLANG_WARN_STRICT_PROTOTYPES = YES;
				CLANG_WARN_SUSPICIOUS_MOVE = YES;
				CLANG_WARN_UNGUARDED_AVAILABILITY = YES_AGGRESSIVE;
				CLANG_WARN_UNREACHABLE_CODE = YES;
				CLANG_WARN__DUPLICATE_METHOD_MATCH = YES;
				COPY_PHASE_STRIP = NO;
				DEBUG_INFORMATION_FORMAT = "dwarf-with-dsym";
				ENABLE_NS_ASSERTIONS = NO;
				ENABLE_STRICT_OBJC_MSGSEND = YES;
				GCC_C_LANGUAGE_STANDARD = gnu11;
				GCC_NO_COMMON_BLOCKS = YES;
				GCC_WARN_64_TO_32_BIT_CONVERSION = YES;
				GCC_WARN_ABOUT_RETURN_TYPE = YES_ERROR;
				GCC_WARN_UNDECLARED_SELECTOR = YES;
				GCC_WARN_UNINITIALIZED_AUTOS = YES_AGGRESSIVE;
				GCC_WARN_UNUSED_FUNCTION = YES;
				GCC_WARN_UNUSED_VARIABLE = YES;
				IPHONEOS_DEPLOYMENT_TARGET = 15.5;
				MTL_ENABLE_DEBUG_INFO = NO;
				MTL_FAST_MATH = YES;
				SDKROOT = iphoneos;
				SWIFT_COMPILATION_MODE = wholemodule;
				SWIFT_OPTIMIZATION_LEVEL = "-O";
				VALIDATE_PRODUCT = YES;
			};
			name = Release;
		};
		13712E6628C63C2700384F3B /* Debug */ = {
			isa = XCBuildConfiguration;
			baseConfigurationReference = 395432FAA118818542CCFFF3 /* Pods-claranet-base-ios.debug.xcconfig */;
			buildSettings = {
				ASSETCATALOG_COMPILER_APPICON_NAME = AppIcon;
				ASSETCATALOG_COMPILER_GLOBAL_ACCENT_COLOR_NAME = AccentColor;
				CODE_SIGN_STYLE = Automatic;
				CURRENT_PROJECT_VERSION = 1;
				DEVELOPMENT_ASSET_PATHS = "\"claranet-base-ios/Preview Content\"";
				DEVELOPMENT_TEAM = R86Y9XP6M2;
				ENABLE_PREVIEWS = YES;
				GENERATE_INFOPLIST_FILE = YES;
				INFOPLIST_KEY_UIApplicationSceneManifest_Generation = YES;
				INFOPLIST_KEY_UIApplicationSupportsIndirectInputEvents = YES;
				INFOPLIST_KEY_UILaunchScreen_Generation = YES;
				INFOPLIST_KEY_UISupportedInterfaceOrientations_iPad = "UIInterfaceOrientationPortrait UIInterfaceOrientationPortraitUpsideDown UIInterfaceOrientationLandscapeLeft UIInterfaceOrientationLandscapeRight";
				INFOPLIST_KEY_UISupportedInterfaceOrientations_iPhone = "UIInterfaceOrientationPortrait UIInterfaceOrientationLandscapeLeft UIInterfaceOrientationLandscapeRight";
				LD_RUNPATH_SEARCH_PATHS = (
					"$(inherited)",
					"@executable_path/Frameworks",
				);
				MARKETING_VERSION = 1.0;
				PRODUCT_BUNDLE_IDENTIFIER = "net.clara.it.claranet-base-ios-dev";
				PRODUCT_NAME = "$(TARGET_NAME) - DEV";
				SWIFT_ACTIVE_COMPILATION_CONDITIONS = DEV;
				SWIFT_EMIT_LOC_STRINGS = YES;
				SWIFT_VERSION = 5.0;
				TARGETED_DEVICE_FAMILY = "1,2";
			};
			name = Debug;
		};
		13712E6728C63C2700384F3B /* Release */ = {
			isa = XCBuildConfiguration;
			baseConfigurationReference = 61AC5A59F7D94496B2A645D6 /* Pods-claranet-base-ios.release.xcconfig */;
			buildSettings = {
				ASSETCATALOG_COMPILER_APPICON_NAME = AppIcon;
				ASSETCATALOG_COMPILER_GLOBAL_ACCENT_COLOR_NAME = AccentColor;
				CODE_SIGN_STYLE = Automatic;
				CURRENT_PROJECT_VERSION = 1;
				DEVELOPMENT_ASSET_PATHS = "\"claranet-base-ios/Preview Content\"";
				DEVELOPMENT_TEAM = R86Y9XP6M2;
				ENABLE_PREVIEWS = YES;
				GENERATE_INFOPLIST_FILE = YES;
				INFOPLIST_KEY_UIApplicationSceneManifest_Generation = YES;
				INFOPLIST_KEY_UIApplicationSupportsIndirectInputEvents = YES;
				INFOPLIST_KEY_UILaunchScreen_Generation = YES;
				INFOPLIST_KEY_UISupportedInterfaceOrientations_iPad = "UIInterfaceOrientationPortrait UIInterfaceOrientationPortraitUpsideDown UIInterfaceOrientationLandscapeLeft UIInterfaceOrientationLandscapeRight";
				INFOPLIST_KEY_UISupportedInterfaceOrientations_iPhone = "UIInterfaceOrientationPortrait UIInterfaceOrientationLandscapeLeft UIInterfaceOrientationLandscapeRight";
				LD_RUNPATH_SEARCH_PATHS = (
					"$(inherited)",
					"@executable_path/Frameworks",
				);
				MARKETING_VERSION = 1.0;
				PRODUCT_BUNDLE_IDENTIFIER = "net.clara.it.claranet-base-ios-dev";
				PRODUCT_NAME = "$(TARGET_NAME) - DEV";
				SWIFT_ACTIVE_COMPILATION_CONDITIONS = DEV;
				SWIFT_EMIT_LOC_STRINGS = YES;
				SWIFT_VERSION = 5.0;
				TARGETED_DEVICE_FAMILY = "1,2";
			};
			name = Release;
		};
		13C4DDE128C8E7D70041516F /* Prod - Release */ = {
			isa = XCBuildConfiguration;
			buildSettings = {
				ALWAYS_SEARCH_USER_PATHS = NO;
				CLANG_ANALYZER_NONNULL = YES;
				CLANG_ANALYZER_NUMBER_OBJECT_CONVERSION = YES_AGGRESSIVE;
				CLANG_CXX_LANGUAGE_STANDARD = "gnu++17";
				CLANG_ENABLE_MODULES = YES;
				CLANG_ENABLE_OBJC_ARC = YES;
				CLANG_ENABLE_OBJC_WEAK = YES;
				CLANG_WARN_BLOCK_CAPTURE_AUTORELEASING = YES;
				CLANG_WARN_BOOL_CONVERSION = YES;
				CLANG_WARN_COMMA = YES;
				CLANG_WARN_CONSTANT_CONVERSION = YES;
				CLANG_WARN_DEPRECATED_OBJC_IMPLEMENTATIONS = YES;
				CLANG_WARN_DIRECT_OBJC_ISA_USAGE = YES_ERROR;
				CLANG_WARN_DOCUMENTATION_COMMENTS = YES;
				CLANG_WARN_EMPTY_BODY = YES;
				CLANG_WARN_ENUM_CONVERSION = YES;
				CLANG_WARN_INFINITE_RECURSION = YES;
				CLANG_WARN_INT_CONVERSION = YES;
				CLANG_WARN_NON_LITERAL_NULL_CONVERSION = YES;
				CLANG_WARN_OBJC_IMPLICIT_RETAIN_SELF = YES;
				CLANG_WARN_OBJC_LITERAL_CONVERSION = YES;
				CLANG_WARN_OBJC_ROOT_CLASS = YES_ERROR;
				CLANG_WARN_QUOTED_INCLUDE_IN_FRAMEWORK_HEADER = YES;
				CLANG_WARN_RANGE_LOOP_ANALYSIS = YES;
				CLANG_WARN_STRICT_PROTOTYPES = YES;
				CLANG_WARN_SUSPICIOUS_MOVE = YES;
				CLANG_WARN_UNGUARDED_AVAILABILITY = YES_AGGRESSIVE;
				CLANG_WARN_UNREACHABLE_CODE = YES;
				CLANG_WARN__DUPLICATE_METHOD_MATCH = YES;
				COPY_PHASE_STRIP = NO;
				DEBUG_INFORMATION_FORMAT = "dwarf-with-dsym";
				ENABLE_NS_ASSERTIONS = NO;
				ENABLE_STRICT_OBJC_MSGSEND = YES;
				GCC_C_LANGUAGE_STANDARD = gnu11;
				GCC_NO_COMMON_BLOCKS = YES;
				GCC_WARN_64_TO_32_BIT_CONVERSION = YES;
				GCC_WARN_ABOUT_RETURN_TYPE = YES_ERROR;
				GCC_WARN_UNDECLARED_SELECTOR = YES;
				GCC_WARN_UNINITIALIZED_AUTOS = YES_AGGRESSIVE;
				GCC_WARN_UNUSED_FUNCTION = YES;
				GCC_WARN_UNUSED_VARIABLE = YES;
				IPHONEOS_DEPLOYMENT_TARGET = 15.5;
				MTL_ENABLE_DEBUG_INFO = NO;
				MTL_FAST_MATH = YES;
				SDKROOT = iphoneos;
				SWIFT_COMPILATION_MODE = wholemodule;
				SWIFT_OPTIMIZATION_LEVEL = "-O";
				VALIDATE_PRODUCT = YES;
			};
			name = "Prod - Release";
		};
		13C4DDE228C8E7D70041516F /* Prod - Release */ = {
			isa = XCBuildConfiguration;
			baseConfigurationReference = F73960A812450E29990539C5 /* Pods-claranet-base-ios.prod - release.xcconfig */;
			buildSettings = {
				ASSETCATALOG_COMPILER_APPICON_NAME = AppIcon;
				ASSETCATALOG_COMPILER_GLOBAL_ACCENT_COLOR_NAME = AccentColor;
				CODE_SIGN_IDENTITY = "Apple Development";
				CODE_SIGN_STYLE = Automatic;
				CURRENT_PROJECT_VERSION = 1;
				DEVELOPMENT_ASSET_PATHS = "\"claranet-base-ios/Preview Content\"";
				DEVELOPMENT_TEAM = "";
				ENABLE_PREVIEWS = YES;
				GENERATE_INFOPLIST_FILE = YES;
				INFOPLIST_KEY_UIApplicationSceneManifest_Generation = YES;
				INFOPLIST_KEY_UIApplicationSupportsIndirectInputEvents = YES;
				INFOPLIST_KEY_UILaunchScreen_Generation = YES;
				INFOPLIST_KEY_UISupportedInterfaceOrientations_iPad = "UIInterfaceOrientationPortrait UIInterfaceOrientationPortraitUpsideDown UIInterfaceOrientationLandscapeLeft UIInterfaceOrientationLandscapeRight";
				INFOPLIST_KEY_UISupportedInterfaceOrientations_iPhone = "UIInterfaceOrientationPortrait UIInterfaceOrientationLandscapeLeft UIInterfaceOrientationLandscapeRight";
				LD_RUNPATH_SEARCH_PATHS = (
					"$(inherited)",
					"@executable_path/Frameworks",
				);
				MARKETING_VERSION = 1.0;
				PRODUCT_BUNDLE_IDENTIFIER = "net.clara.it.claranet-base-ios";
				PRODUCT_NAME = "$(TARGET_NAME)";
				PROVISIONING_PROFILE_SPECIFIER = "";
				SWIFT_ACTIVE_COMPILATION_CONDITIONS = PROD;
				SWIFT_EMIT_LOC_STRINGS = YES;
				SWIFT_VERSION = 5.0;
				TARGETED_DEVICE_FAMILY = "1,2";
			};
			name = "Prod - Release";
		};
		13C4DDE328C8E7EC0041516F /* Prod - Debug */ = {
			isa = XCBuildConfiguration;
			buildSettings = {
				ALWAYS_SEARCH_USER_PATHS = NO;
				CLANG_ANALYZER_NONNULL = YES;
				CLANG_ANALYZER_NUMBER_OBJECT_CONVERSION = YES_AGGRESSIVE;
				CLANG_CXX_LANGUAGE_STANDARD = "gnu++17";
				CLANG_ENABLE_MODULES = YES;
				CLANG_ENABLE_OBJC_ARC = YES;
				CLANG_ENABLE_OBJC_WEAK = YES;
				CLANG_WARN_BLOCK_CAPTURE_AUTORELEASING = YES;
				CLANG_WARN_BOOL_CONVERSION = YES;
				CLANG_WARN_COMMA = YES;
				CLANG_WARN_CONSTANT_CONVERSION = YES;
				CLANG_WARN_DEPRECATED_OBJC_IMPLEMENTATIONS = YES;
				CLANG_WARN_DIRECT_OBJC_ISA_USAGE = YES_ERROR;
				CLANG_WARN_DOCUMENTATION_COMMENTS = YES;
				CLANG_WARN_EMPTY_BODY = YES;
				CLANG_WARN_ENUM_CONVERSION = YES;
				CLANG_WARN_INFINITE_RECURSION = YES;
				CLANG_WARN_INT_CONVERSION = YES;
				CLANG_WARN_NON_LITERAL_NULL_CONVERSION = YES;
				CLANG_WARN_OBJC_IMPLICIT_RETAIN_SELF = YES;
				CLANG_WARN_OBJC_LITERAL_CONVERSION = YES;
				CLANG_WARN_OBJC_ROOT_CLASS = YES_ERROR;
				CLANG_WARN_QUOTED_INCLUDE_IN_FRAMEWORK_HEADER = YES;
				CLANG_WARN_RANGE_LOOP_ANALYSIS = YES;
				CLANG_WARN_STRICT_PROTOTYPES = YES;
				CLANG_WARN_SUSPICIOUS_MOVE = YES;
				CLANG_WARN_UNGUARDED_AVAILABILITY = YES_AGGRESSIVE;
				CLANG_WARN_UNREACHABLE_CODE = YES;
				CLANG_WARN__DUPLICATE_METHOD_MATCH = YES;
				COPY_PHASE_STRIP = NO;
				DEBUG_INFORMATION_FORMAT = dwarf;
				ENABLE_STRICT_OBJC_MSGSEND = YES;
				ENABLE_TESTABILITY = YES;
				GCC_C_LANGUAGE_STANDARD = gnu11;
				GCC_DYNAMIC_NO_PIC = NO;
				GCC_NO_COMMON_BLOCKS = YES;
				GCC_OPTIMIZATION_LEVEL = 0;
				GCC_PREPROCESSOR_DEFINITIONS = (
					"DEBUG=1",
					"$(inherited)",
				);
				GCC_WARN_64_TO_32_BIT_CONVERSION = YES;
				GCC_WARN_ABOUT_RETURN_TYPE = YES_ERROR;
				GCC_WARN_UNDECLARED_SELECTOR = YES;
				GCC_WARN_UNINITIALIZED_AUTOS = YES_AGGRESSIVE;
				GCC_WARN_UNUSED_FUNCTION = YES;
				GCC_WARN_UNUSED_VARIABLE = YES;
				IPHONEOS_DEPLOYMENT_TARGET = 15.5;
				MTL_ENABLE_DEBUG_INFO = INCLUDE_SOURCE;
				MTL_FAST_MATH = YES;
				ONLY_ACTIVE_ARCH = YES;
				SDKROOT = iphoneos;
				SWIFT_ACTIVE_COMPILATION_CONDITIONS = DEBUG;
				SWIFT_OPTIMIZATION_LEVEL = "-Onone";
			};
			name = "Prod - Debug";
		};
		13C4DDE428C8E7EC0041516F /* Prod - Debug */ = {
			isa = XCBuildConfiguration;
			baseConfigurationReference = 3B6C80E3095AF616B3EF4A97 /* Pods-claranet-base-ios.prod - debug.xcconfig */;
			buildSettings = {
				ASSETCATALOG_COMPILER_APPICON_NAME = AppIcon;
				ASSETCATALOG_COMPILER_GLOBAL_ACCENT_COLOR_NAME = AccentColor;
				CODE_SIGN_IDENTITY = "Apple Development";
				CODE_SIGN_STYLE = Automatic;
				CURRENT_PROJECT_VERSION = 1;
				DEVELOPMENT_ASSET_PATHS = "\"claranet-base-ios/Preview Content\"";
				DEVELOPMENT_TEAM = "";
				ENABLE_PREVIEWS = YES;
				GENERATE_INFOPLIST_FILE = YES;
				INFOPLIST_KEY_UIApplicationSceneManifest_Generation = YES;
				INFOPLIST_KEY_UIApplicationSupportsIndirectInputEvents = YES;
				INFOPLIST_KEY_UILaunchScreen_Generation = YES;
				INFOPLIST_KEY_UISupportedInterfaceOrientations_iPad = "UIInterfaceOrientationPortrait UIInterfaceOrientationPortraitUpsideDown UIInterfaceOrientationLandscapeLeft UIInterfaceOrientationLandscapeRight";
				INFOPLIST_KEY_UISupportedInterfaceOrientations_iPhone = "UIInterfaceOrientationPortrait UIInterfaceOrientationLandscapeLeft UIInterfaceOrientationLandscapeRight";
				LD_RUNPATH_SEARCH_PATHS = (
					"$(inherited)",
					"@executable_path/Frameworks",
				);
				MARKETING_VERSION = 1.0;
				PRODUCT_BUNDLE_IDENTIFIER = "net.clara.it.claranet-base-ios";
				PRODUCT_NAME = "$(TARGET_NAME)";
				PROVISIONING_PROFILE_SPECIFIER = "";
				SWIFT_ACTIVE_COMPILATION_CONDITIONS = PROD;
				SWIFT_EMIT_LOC_STRINGS = YES;
				SWIFT_VERSION = 5.0;
				TARGETED_DEVICE_FAMILY = "1,2";
			};
			name = "Prod - Debug";
		};
/* End XCBuildConfiguration section */

/* Begin XCConfigurationList section */
		13712E5228C63C2600384F3B /* Build configuration list for PBXProject "claranet-base-ios" */ = {
			isa = XCConfigurationList;
			buildConfigurations = (
				13712E6328C63C2700384F3B /* Debug */,
				13C4DDE328C8E7EC0041516F /* Prod - Debug */,
				13712E6428C63C2700384F3B /* Release */,
				13C4DDE128C8E7D70041516F /* Prod - Release */,
			);
			defaultConfigurationIsVisible = 0;
			defaultConfigurationName = Release;
		};
		13712E6528C63C2700384F3B /* Build configuration list for PBXNativeTarget "claranet-base-ios" */ = {
			isa = XCConfigurationList;
			buildConfigurations = (
				13712E6628C63C2700384F3B /* Debug */,
				13C4DDE428C8E7EC0041516F /* Prod - Debug */,
				13712E6728C63C2700384F3B /* Release */,
				13C4DDE228C8E7D70041516F /* Prod - Release */,
			);
			defaultConfigurationIsVisible = 0;
			defaultConfigurationName = Release;
		};
/* End XCConfigurationList section */
	};
	rootObject = 13712E4F28C63C2600384F3B /* Project object */;
}
